
Microsoft Visual Studio Solution File, Format Version 12.00
# Visual Studio Version 17
VisualStudioVersion = 17.3.32901.215
MinimumVisualStudioVersion = 10.0.40219.1
Project("{FAE04EC0-301F-11D3-BF4B-00C04F79EFBC}") = "eTickets", "eTickets\eTickets.csproj", "{24FE5522-486F-4C59-8666-0FCEB242A94F}"
EndProject
Global
	GlobalSection(SolutionConfigurationPlatforms) = preSolution
		Debug|Any CPU = Debug|Any CPU
		Release|Any CPU = Release|Any CPU
	EndGlobalSection
	GlobalSection(ProjectConfigurationPlatforms) = postSolution
		{24FE5522-486F-4C59-8666-0FCEB242A94F}.Debug|Any CPU.ActiveCfg = Debug|Any CPU
		{24FE5522-486F-4C59-8666-0FCEB242A94F}.Debug|Any CPU.Build.0 = Debug|Any CPU
		{24FE5522-486F-4C59-8666-0FCEB242A94F}.Release|Any CPU.ActiveCfg = Release|Any CPU
		{24FE5522-486F-4C59-8666-0FCEB242A94F}.Release|Any CPU.Build.0 = Release|Any CPU
	EndGlobalSection
	GlobalSection(SolutionProperties) = preSolution
		HideSolutionNode = FALSE
	EndGlobalSection
	GlobalSection(ExtensibilityGlobals) = postSolution
		SolutionGuid = {19F6DB1B-A9BE-47D2-84B9-419EB98D5BA5}
	EndGlobalSection
EndGlobal
